
Microsoft Visual Studio Solution File, Format Version 12.00
# Visual Studio 15
VisualStudioVersion = 15.0.27703.2026
MinimumVisualStudioVersion = 10.0.40219.1
Project("{FAE04EC0-301F-11D3-BF4B-00C04F79EFBC}") = "xamlFrame", "xamlFrame\xamlFrame.csproj", "{DFCB2E8A-76DD-41D6-8401-8BE12CCC2464}"
EndProject
Global
	GlobalSection(SolutionConfigurationPlatforms) = preSolution
		Debug|Any CPU = Debug|Any CPU
		Release|Any CPU = Release|Any CPU
	EndGlobalSection
	GlobalSection(ProjectConfigurationPlatforms) = postSolution
		{DFCB2E8A-76DD-41D6-8401-8BE12CCC2464}.Debug|Any CPU.ActiveCfg = Debug|Any CPU
		{DFCB2E8A-76DD-41D6-8401-8BE12CCC2464}.Debug|Any CPU.Build.0 = Debug|Any CPU
		{DFCB2E8A-76DD-41D6-8401-8BE12CCC2464}.Release|Any CPU.ActiveCfg = Release|Any CPU
		{DFCB2E8A-76DD-41D6-8401-8BE12CCC2464}.Release|Any CPU.Build.0 = Release|Any CPU
	EndGlobalSection
	GlobalSection(SolutionProperties) = preSolution
		HideSolutionNode = FALSE
	EndGlobalSection
	GlobalSection(ExtensibilityGlobals) = postSolution
		SolutionGuid = {3119E7C1-549E-488B-85F5-46120930B464}
	EndGlobalSection
EndGlobal
